
Microsoft Visual Studio Solution File, Format Version 12.00
# Visual Studio Version 17
VisualStudioVersion = 17.0.31903.59
MinimumVisualStudioVersion = 10.0.40219.1
Project("{2150E333-8FDC-42A3-9474-1A3956D46DE8}") = "src", "src", "{827E0CD3-B72D-47B6-A68D-7590B98EB39B}"
EndProject
Project("{FAE04EC0-301F-11D3-BF4B-00C04F79EFBC}") = "API", "src\API\API.csproj", "{C5F6A876-DD79-458E-A9C8-4470442EBD6D}"
EndProject
Project("{FAE04EC0-301F-11D3-BF4B-00C04F79EFBC}") = "Application", "src\Application\Application.csproj", "{FA8C0593-B496-4B93-96BA-AC1F1F20EAD0}"
EndProject
Project("{FAE04EC0-301F-11D3-BF4B-00C04F79EFBC}") = "Domain", "src\Domain\Domain.csproj", "{FA450096-9616-4230-B06A-477DAE1E7ABC}"
EndProject
Project("{FAE04EC0-301F-11D3-BF4B-00C04F79EFBC}") = "Infrastructure", "src\Infrastructure\Infrastructure.csproj", "{41FA3C30-EA40-4FD4-8B1C-10DAC82A06D5}"
EndProject
Project("{2150E333-8FDC-42A3-9474-1A3956D46DE8}") = "tests", "tests", "{0AB3BF05-4346-4AA6-1389-037BE0695223}"
EndProject
Project("{FAE04EC0-301F-11D3-BF4B-00C04F79EFBC}") = "API.Tests", "tests\API.Tests\API.Tests.csproj", "{732A61BC-1744-407B-8522-DDA2EEA2DDF8}"
EndProject
Project("{FAE04EC0-301F-11D3-BF4B-00C04F79EFBC}") = "Application.Tests", "tests\Application.Tests\Application.Tests.csproj", "{77DD2FA8-DDFB-48EE-BB54-669AEC2533EB}"
EndProject
Project("{FAE04EC0-301F-11D3-BF4B-00C04F79EFBC}") = "Infrastructure.Tests", "tests\Infrastructure.Tests\Infrastructure.Tests.csproj", "{508CFF9B-ED6F-4280-AA1D-72A7879EE68A}"
EndProject
Global
	GlobalSection(SolutionConfigurationPlatforms) = preSolution
		Debug|Any CPU = Debug|Any CPU
		Debug|x64 = Debug|x64
		Debug|x86 = Debug|x86
		Release|Any CPU = Release|Any CPU
		Release|x64 = Release|x64
		Release|x86 = Release|x86
	EndGlobalSection
	GlobalSection(ProjectConfigurationPlatforms) = postSolution
		{C5F6A876-DD79-458E-A9C8-4470442EBD6D}.Debug|Any CPU.ActiveCfg = Debug|Any CPU
		{C5F6A876-DD79-458E-A9C8-4470442EBD6D}.Debug|Any CPU.Build.0 = Debug|Any CPU
		{C5F6A876-DD79-458E-A9C8-4470442EBD6D}.Debug|x64.ActiveCfg = Debug|Any CPU
		{C5F6A876-DD79-458E-A9C8-4470442EBD6D}.Debug|x64.Build.0 = Debug|Any CPU
		{C5F6A876-DD79-458E-A9C8-4470442EBD6D}.Debug|x86.ActiveCfg = Debug|Any CPU
		{C5F6A876-DD79-458E-A9C8-4470442EBD6D}.Debug|x86.Build.0 = Debug|Any CPU
		{C5F6A876-DD79-458E-A9C8-4470442EBD6D}.Release|Any CPU.ActiveCfg = Release|Any CPU
		{C5F6A876-DD79-458E-A9C8-4470442EBD6D}.Release|Any CPU.Build.0 = Release|Any CPU
		{C5F6A876-DD79-458E-A9C8-4470442EBD6D}.Release|x64.ActiveCfg = Release|Any CPU
		{C5F6A876-DD79-458E-A9C8-4470442EBD6D}.Release|x64.Build.0 = Release|Any CPU
		{C5F6A876-DD79-458E-A9C8-4470442EBD6D}.Release|x86.ActiveCfg = Release|Any CPU
		{C5F6A876-DD79-458E-A9C8-4470442EBD6D}.Release|x86.Build.0 = Release|Any CPU
		{FA8C0593-B496-4B93-96BA-AC1F1F20EAD0}.Debug|Any CPU.ActiveCfg = Debug|Any CPU
		{FA8C0593-B496-4B93-96BA-AC1F1F20EAD0}.Debug|Any CPU.Build.0 = Debug|Any CPU
		{FA8C0593-B496-4B93-96BA-AC1F1F20EAD0}.Debug|x64.ActiveCfg = Debug|Any CPU
		{FA8C0593-B496-4B93-96BA-AC1F1F20EAD0}.Debug|x64.Build.0 = Debug|Any CPU
		{FA8C0593-B496-4B93-96BA-AC1F1F20EAD0}.Debug|x86.ActiveCfg = Debug|Any CPU
		{FA8C0593-B496-4B93-96BA-AC1F1F20EAD0}.Debug|x86.Build.0 = Debug|Any CPU
		{FA8C0593-B496-4B93-96BA-AC1F1F20EAD0}.Release|Any CPU.ActiveCfg = Release|Any CPU
		{FA8C0593-B496-4B93-96BA-AC1F1F20EAD0}.Release|Any CPU.Build.0 = Release|Any CPU
		{FA8C0593-B496-4B93-96BA-AC1F1F20EAD0}.Release|x64.ActiveCfg = Release|Any CPU
		{FA8C0593-B496-4B93-96BA-AC1F1F20EAD0}.Release|x64.Build.0 = Release|Any CPU
		{FA8C0593-B496-4B93-96BA-AC1F1F20EAD0}.Release|x86.ActiveCfg = Release|Any CPU
		{FA8C0593-B496-4B93-96BA-AC1F1F20EAD0}.Release|x86.Build.0 = Release|Any CPU
		{FA450096-9616-4230-B06A-477DAE1E7ABC}.Debug|Any CPU.ActiveCfg = Debug|Any CPU
		{FA450096-9616-4230-B06A-477DAE1E7ABC}.Debug|Any CPU.Build.0 = Debug|Any CPU
		{FA450096-9616-4230-B06A-477DAE1E7ABC}.Debug|x64.ActiveCfg = Debug|Any CPU
		{FA450096-9616-4230-B06A-477DAE1E7ABC}.Debug|x64.Build.0 = Debug|Any CPU
		{FA450096-9616-4230-B06A-477DAE1E7ABC}.Debug|x86.ActiveCfg = Debug|Any CPU
		{FA450096-9616-4230-B06A-477DAE1E7ABC}.Debug|x86.Build.0 = Debug|Any CPU
		{FA450096-9616-4230-B06A-477DAE1E7ABC}.Release|Any CPU.ActiveCfg = Release|Any CPU
		{FA450096-9616-4230-B06A-477DAE1E7ABC}.Release|Any CPU.Build.0 = Release|Any CPU
		{FA450096-9616-4230-B06A-477DAE1E7ABC}.Release|x64.ActiveCfg = Release|Any CPU
		{FA450096-9616-4230-B06A-477DAE1E7ABC}.Release|x64.Build.0 = Release|Any CPU
		{FA450096-9616-4230-B06A-477DAE1E7ABC}.Release|x86.ActiveCfg = Release|Any CPU
		{FA450096-9616-4230-B06A-477DAE1E7ABC}.Release|x86.Build.0 = Release|Any CPU
		{41FA3C30-EA40-4FD4-8B1C-10DAC82A06D5}.Debug|Any CPU.ActiveCfg = Debug|Any CPU
		{41FA3C30-EA40-4FD4-8B1C-10DAC82A06D5}.Debug|Any CPU.Build.0 = Debug|Any CPU
		{41FA3C30-EA40-4FD4-8B1C-10DAC82A06D5}.Debug|x64.ActiveCfg = Debug|Any CPU
		{41FA3C30-EA40-4FD4-8B1C-10DAC82A06D5}.Debug|x64.Build.0 = Debug|Any CPU
		{41FA3C30-EA40-4FD4-8B1C-10DAC82A06D5}.Debug|x86.ActiveCfg = Debug|Any CPU
		{41FA3C30-EA40-4FD4-8B1C-10DAC82A06D5}.Debug|x86.Build.0 = Debug|Any CPU
		{41FA3C30-EA40-4FD4-8B1C-10DAC82A06D5}.Release|Any CPU.ActiveCfg = Release|Any CPU
		{41FA3C30-EA40-4FD4-8B1C-10DAC82A06D5}.Release|Any CPU.Build.0 = Release|Any CPU
		{41FA3C30-EA40-4FD4-8B1C-10DAC82A06D5}.Release|x64.ActiveCfg = Release|Any CPU
		{41FA3C30-EA40-4FD4-8B1C-10DAC82A06D5}.Release|x64.Build.0 = Release|Any CPU
		{41FA3C30-EA40-4FD4-8B1C-10DAC82A06D5}.Release|x86.ActiveCfg = Release|Any CPU
		{41FA3C30-EA40-4FD4-8B1C-10DAC82A06D5}.Release|x86.Build.0 = Release|Any CPU
		{732A61BC-1744-407B-8522-DDA2EEA2DDF8}.Debug|Any CPU.ActiveCfg = Debug|Any CPU
		{732A61BC-1744-407B-8522-DDA2EEA2DDF8}.Debug|Any CPU.Build.0 = Debug|Any CPU
		{732A61BC-1744-407B-8522-DDA2EEA2DDF8}.Debug|x64.ActiveCfg = Debug|Any CPU
		{732A61BC-1744-407B-8522-DDA2EEA2DDF8}.Debug|x64.Build.0 = Debug|Any CPU
		{732A61BC-1744-407B-8522-DDA2EEA2DDF8}.Debug|x86.ActiveCfg = Debug|Any CPU
		{732A61BC-1744-407B-8522-DDA2EEA2DDF8}.Debug|x86.Build.0 = Debug|Any CPU
		{732A61BC-1744-407B-8522-DDA2EEA2DDF8}.Release|Any CPU.ActiveCfg = Release|Any CPU
		{732A61BC-1744-407B-8522-DDA2EEA2DDF8}.Release|Any CPU.Build.0 = Release|Any CPU
		{732A61BC-1744-407B-8522-DDA2EEA2DDF8}.Release|x64.ActiveCfg = Release|Any CPU
		{732A61BC-1744-407B-8522-DDA2EEA2DDF8}.Release|x64.Build.0 = Release|Any CPU
		{732A61BC-1744-407B-8522-DDA2EEA2DDF8}.Release|x86.ActiveCfg = Release|Any CPU
		{732A61BC-1744-407B-8522-DDA2EEA2DDF8}.Release|x86.Build.0 = Release|Any CPU
		{77DD2FA8-DDFB-48EE-BB54-669AEC2533EB}.Debug|Any CPU.ActiveCfg = Debug|Any CPU
		{77DD2FA8-DDFB-48EE-BB54-669AEC2533EB}.Debug|Any CPU.Build.0 = Debug|Any CPU
		{77DD2FA8-DDFB-48EE-BB54-669AEC2533EB}.Debug|x64.ActiveCfg = Debug|Any CPU
		{77DD2FA8-DDFB-48EE-BB54-669AEC2533EB}.Debug|x64.Build.0 = Debug|Any CPU
		{77DD2FA8-DDFB-48EE-BB54-669AEC2533EB}.Debug|x86.ActiveCfg = Debug|Any CPU
		{77DD2FA8-DDFB-48EE-BB54-669AEC2533EB}.Debug|x86.Build.0 = Debug|Any CPU
		{77DD2FA8-DDFB-48EE-BB54-669AEC2533EB}.Release|Any CPU.ActiveCfg = Release|Any CPU
		{77DD2FA8-DDFB-48EE-BB54-669AEC2533EB}.Release|Any CPU.Build.0 = Release|Any CPU
		{77DD2FA8-DDFB-48EE-BB54-669AEC2533EB}.Release|x64.ActiveCfg = Release|Any CPU
		{77DD2FA8-DDFB-48EE-BB54-669AEC2533EB}.Release|x64.Build.0 = Release|Any CPU
		{77DD2FA8-DDFB-48EE-BB54-669AEC2533EB}.Release|x86.ActiveCfg = Release|Any CPU
		{77DD2FA8-DDFB-48EE-BB54-669AEC2533EB}.Release|x86.Build.0 = Release|Any CPU
		{508CFF9B-ED6F-4280-AA1D-72A7879EE68A}.Debug|Any CPU.ActiveCfg = Debug|Any CPU
		{508CFF9B-ED6F-4280-AA1D-72A7879EE68A}.Debug|Any CPU.Build.0 = Debug|Any CPU
		{508CFF9B-ED6F-4280-AA1D-72A7879EE68A}.Debug|x64.ActiveCfg = Debug|Any CPU
		{508CFF9B-ED6F-4280-AA1D-72A7879EE68A}.Debug|x64.Build.0 = Debug|Any CPU
		{508CFF9B-ED6F-4280-AA1D-72A7879EE68A}.Debug|x86.ActiveCfg = Debug|Any CPU
		{508CFF9B-ED6F-4280-AA1D-72A7879EE68A}.Debug|x86.Build.0 = Debug|Any CPU
		{508CFF9B-ED6F-4280-AA1D-72A7879EE68A}.Release|Any CPU.ActiveCfg = Release|Any CPU
		{508CFF9B-ED6F-4280-AA1D-72A7879EE68A}.Release|Any CPU.Build.0 = Release|Any CPU
		{508CFF9B-ED6F-4280-AA1D-72A7879EE68A}.Release|x64.ActiveCfg = Release|Any CPU
		{508CFF9B-ED6F-4280-AA1D-72A7879EE68A}.Release|x64.Build.0 = Release|Any CPU
		{508CFF9B-ED6F-4280-AA1D-72A7879EE68A}.Release|x86.ActiveCfg = Release|Any CPU
		{508CFF9B-ED6F-4280-AA1D-72A7879EE68A}.Release|x86.Build.0 = Release|Any CPU
	EndGlobalSection
	GlobalSection(SolutionProperties) = preSolution
		HideSolutionNode = FALSE
	EndGlobalSection
	GlobalSection(NestedProjects) = preSolution
		{C5F6A876-DD79-458E-A9C8-4470442EBD6D} = {827E0CD3-B72D-47B6-A68D-7590B98EB39B}
		{FA8C0593-B496-4B93-96BA-AC1F1F20EAD0} = {827E0CD3-B72D-47B6-A68D-7590B98EB39B}
		{FA450096-9616-4230-B06A-477DAE1E7ABC} = {827E0CD3-B72D-47B6-A68D-7590B98EB39B}
		{41FA3C30-EA40-4FD4-8B1C-10DAC82A06D5} = {827E0CD3-B72D-47B6-A68D-7590B98EB39B}
		{732A61BC-1744-407B-8522-DDA2EEA2DDF8} = {0AB3BF05-4346-4AA6-1389-037BE0695223}
		{77DD2FA8-DDFB-48EE-BB54-669AEC2533EB} = {0AB3BF05-4346-4AA6-1389-037BE0695223}
		{508CFF9B-ED6F-4280-AA1D-72A7879EE68A} = {0AB3BF05-4346-4AA6-1389-037BE0695223}
	EndGlobalSection
EndGlobal
